{
  "name": "kyleajw.github.io",
  "version": "1.0.0",
  "lockfileVersion": 3,
  "requires": true,
  "packages": {
    "": {
      "name": "kyleajw.github.io",
      "version": "1.0.0",
      "license": "ISC",
      "dependencies": {
        "kyleajw.github.io": "file:"
      }
    },
    "node_modules/kyleajw.github.io": {
      "resolved": "",
      "link": true
    }
  }
}
